
Microsoft Visual Studio Solution File, Format Version 12.00
# Visual Studio Version 16
VisualStudioVersion = 16.0.30503.244
MinimumVisualStudioVersion = 10.0.40219.1
Project("{FAE04EC0-301F-11D3-BF4B-00C04F79EFBC}") = "34", "34\34.csproj", "{9BBFC23A-A101-4907-A58F-5C7D0B6E1E74}"
EndProject
Global
	GlobalSection(SolutionConfigurationPlatforms) = preSolution
		Debug|Any CPU = Debug|Any CPU
		Release|Any CPU = Release|Any CPU
	EndGlobalSection
	GlobalSection(ProjectConfigurationPlatforms) = postSolution
		{9BBFC23A-A101-4907-A58F-5C7D0B6E1E74}.Debug|Any CPU.ActiveCfg = Debug|Any CPU
		{9BBFC23A-A101-4907-A58F-5C7D0B6E1E74}.Debug|Any CPU.Build.0 = Debug|Any CPU
		{9BBFC23A-A101-4907-A58F-5C7D0B6E1E74}.Release|Any CPU.ActiveCfg = Release|Any CPU
		{9BBFC23A-A101-4907-A58F-5C7D0B6E1E74}.Release|Any CPU.Build.0 = Release|Any CPU
	EndGlobalSection
	GlobalSection(SolutionProperties) = preSolution
		HideSolutionNode = FALSE
	EndGlobalSection
	GlobalSection(ExtensibilityGlobals) = postSolution
		SolutionGuid = {06387D6E-E0D7-4EC4-B492-CC5316FECB2B}
	EndGlobalSection
EndGlobal
