
Microsoft Visual Studio Solution File, Format Version 12.00
# Visual Studio Version 16
VisualStudioVersion = 16.0.30503.244
MinimumVisualStudioVersion = 10.0.40219.1
Project("{FAE04EC0-301F-11D3-BF4B-00C04F79EFBC}") = "242", "242\242.csproj", "{885123FA-07FB-4BE7-AD68-C91841C8E117}"
EndProject
Global
	GlobalSection(SolutionConfigurationPlatforms) = preSolution
		Debug|Any CPU = Debug|Any CPU
		Release|Any CPU = Release|Any CPU
	EndGlobalSection
	GlobalSection(ProjectConfigurationPlatforms) = postSolution
		{885123FA-07FB-4BE7-AD68-C91841C8E117}.Debug|Any CPU.ActiveCfg = Debug|Any CPU
		{885123FA-07FB-4BE7-AD68-C91841C8E117}.Debug|Any CPU.Build.0 = Debug|Any CPU
		{885123FA-07FB-4BE7-AD68-C91841C8E117}.Release|Any CPU.ActiveCfg = Release|Any CPU
		{885123FA-07FB-4BE7-AD68-C91841C8E117}.Release|Any CPU.Build.0 = Release|Any CPU
	EndGlobalSection
	GlobalSection(SolutionProperties) = preSolution
		HideSolutionNode = FALSE
	EndGlobalSection
	GlobalSection(ExtensibilityGlobals) = postSolution
		SolutionGuid = {9F738B81-23BF-4C98-980E-1EC6136D092D}
	EndGlobalSection
EndGlobal
