
Microsoft Visual Studio Solution File, Format Version 12.00
# Visual Studio Version 16
VisualStudioVersion = 16.0.30503.244
MinimumVisualStudioVersion = 10.0.40219.1
Project("{FAE04EC0-301F-11D3-BF4B-00C04F79EFBC}") = "lr2", "lr2\lr2.csproj", "{64E50DBD-6418-4E3F-8DB0-8510E37225C3}"
EndProject
Global
	GlobalSection(SolutionConfigurationPlatforms) = preSolution
		Debug|Any CPU = Debug|Any CPU
		Release|Any CPU = Release|Any CPU
	EndGlobalSection
	GlobalSection(ProjectConfigurationPlatforms) = postSolution
		{64E50DBD-6418-4E3F-8DB0-8510E37225C3}.Debug|Any CPU.ActiveCfg = Debug|Any CPU
		{64E50DBD-6418-4E3F-8DB0-8510E37225C3}.Debug|Any CPU.Build.0 = Debug|Any CPU
		{64E50DBD-6418-4E3F-8DB0-8510E37225C3}.Release|Any CPU.ActiveCfg = Release|Any CPU
		{64E50DBD-6418-4E3F-8DB0-8510E37225C3}.Release|Any CPU.Build.0 = Release|Any CPU
	EndGlobalSection
	GlobalSection(SolutionProperties) = preSolution
		HideSolutionNode = FALSE
	EndGlobalSection
	GlobalSection(ExtensibilityGlobals) = postSolution
		SolutionGuid = {F08C6AB4-3FAE-4151-8132-7EBEE011AB74}
	EndGlobalSection
EndGlobal
