
Microsoft Visual Studio Solution File, Format Version 12.00
# Visual Studio Version 16
VisualStudioVersion = 16.0.30503.244
MinimumVisualStudioVersion = 10.0.40219.1
Project("{FAE04EC0-301F-11D3-BF4B-00C04F79EFBC}") = "79", "79\79.csproj", "{F961FC0A-3A54-4D3D-AA25-C8FC75AC673D}"
EndProject
Global
	GlobalSection(SolutionConfigurationPlatforms) = preSolution
		Debug|Any CPU = Debug|Any CPU
		Release|Any CPU = Release|Any CPU
	EndGlobalSection
	GlobalSection(ProjectConfigurationPlatforms) = postSolution
		{F961FC0A-3A54-4D3D-AA25-C8FC75AC673D}.Debug|Any CPU.ActiveCfg = Debug|Any CPU
		{F961FC0A-3A54-4D3D-AA25-C8FC75AC673D}.Debug|Any CPU.Build.0 = Debug|Any CPU
		{F961FC0A-3A54-4D3D-AA25-C8FC75AC673D}.Release|Any CPU.ActiveCfg = Release|Any CPU
		{F961FC0A-3A54-4D3D-AA25-C8FC75AC673D}.Release|Any CPU.Build.0 = Release|Any CPU
	EndGlobalSection
	GlobalSection(SolutionProperties) = preSolution
		HideSolutionNode = FALSE
	EndGlobalSection
	GlobalSection(ExtensibilityGlobals) = postSolution
		SolutionGuid = {5FA31EBE-01F4-4E8B-89BB-512B17D2D91C}
	EndGlobalSection
EndGlobal
