
Microsoft Visual Studio Solution File, Format Version 12.00
# Visual Studio Version 16
VisualStudioVersion = 16.0.30503.244
MinimumVisualStudioVersion = 10.0.40219.1
Project("{FAE04EC0-301F-11D3-BF4B-00C04F79EFBC}") = "178", "178\178.csproj", "{F8D2A723-FEBC-487F-AD22-E7791629C40E}"
EndProject
Global
	GlobalSection(SolutionConfigurationPlatforms) = preSolution
		Debug|Any CPU = Debug|Any CPU
		Release|Any CPU = Release|Any CPU
	EndGlobalSection
	GlobalSection(ProjectConfigurationPlatforms) = postSolution
		{F8D2A723-FEBC-487F-AD22-E7791629C40E}.Debug|Any CPU.ActiveCfg = Debug|Any CPU
		{F8D2A723-FEBC-487F-AD22-E7791629C40E}.Debug|Any CPU.Build.0 = Debug|Any CPU
		{F8D2A723-FEBC-487F-AD22-E7791629C40E}.Release|Any CPU.ActiveCfg = Release|Any CPU
		{F8D2A723-FEBC-487F-AD22-E7791629C40E}.Release|Any CPU.Build.0 = Release|Any CPU
	EndGlobalSection
	GlobalSection(SolutionProperties) = preSolution
		HideSolutionNode = FALSE
	EndGlobalSection
	GlobalSection(ExtensibilityGlobals) = postSolution
		SolutionGuid = {4EC598ED-D8C3-4A19-B617-A4E3F6D836B4}
	EndGlobalSection
EndGlobal
