
Microsoft Visual Studio Solution File, Format Version 12.00
# Visual Studio Version 16
VisualStudioVersion = 16.0.30503.244
MinimumVisualStudioVersion = 10.0.40219.1
Project("{FAE04EC0-301F-11D3-BF4B-00C04F79EFBC}") = "62", "62\62.csproj", "{428EB8AD-F58B-443D-BBA4-71CC0040E6B1}"
EndProject
Global
	GlobalSection(SolutionConfigurationPlatforms) = preSolution
		Debug|Any CPU = Debug|Any CPU
		Release|Any CPU = Release|Any CPU
	EndGlobalSection
	GlobalSection(ProjectConfigurationPlatforms) = postSolution
		{428EB8AD-F58B-443D-BBA4-71CC0040E6B1}.Debug|Any CPU.ActiveCfg = Debug|Any CPU
		{428EB8AD-F58B-443D-BBA4-71CC0040E6B1}.Debug|Any CPU.Build.0 = Debug|Any CPU
		{428EB8AD-F58B-443D-BBA4-71CC0040E6B1}.Release|Any CPU.ActiveCfg = Release|Any CPU
		{428EB8AD-F58B-443D-BBA4-71CC0040E6B1}.Release|Any CPU.Build.0 = Release|Any CPU
	EndGlobalSection
	GlobalSection(SolutionProperties) = preSolution
		HideSolutionNode = FALSE
	EndGlobalSection
	GlobalSection(ExtensibilityGlobals) = postSolution
		SolutionGuid = {2920DDC4-2F18-41E8-8F76-54D2A86BEE91}
	EndGlobalSection
EndGlobal
