
Microsoft Visual Studio Solution File, Format Version 12.00
# Visual Studio Version 16
VisualStudioVersion = 16.0.30503.244
MinimumVisualStudioVersion = 10.0.40219.1
Project("{FAE04EC0-301F-11D3-BF4B-00C04F79EFBC}") = "138", "138\138.csproj", "{069C3C8A-C85C-4FA4-B89C-26F549D3AA83}"
EndProject
Global
	GlobalSection(SolutionConfigurationPlatforms) = preSolution
		Debug|Any CPU = Debug|Any CPU
		Release|Any CPU = Release|Any CPU
	EndGlobalSection
	GlobalSection(ProjectConfigurationPlatforms) = postSolution
		{069C3C8A-C85C-4FA4-B89C-26F549D3AA83}.Debug|Any CPU.ActiveCfg = Debug|Any CPU
		{069C3C8A-C85C-4FA4-B89C-26F549D3AA83}.Debug|Any CPU.Build.0 = Debug|Any CPU
		{069C3C8A-C85C-4FA4-B89C-26F549D3AA83}.Release|Any CPU.ActiveCfg = Release|Any CPU
		{069C3C8A-C85C-4FA4-B89C-26F549D3AA83}.Release|Any CPU.Build.0 = Release|Any CPU
	EndGlobalSection
	GlobalSection(SolutionProperties) = preSolution
		HideSolutionNode = FALSE
	EndGlobalSection
	GlobalSection(ExtensibilityGlobals) = postSolution
		SolutionGuid = {EDAAD6BF-8F52-4E5C-9FF1-8584716BF1D8}
	EndGlobalSection
EndGlobal
