
Microsoft Visual Studio Solution File, Format Version 12.00
# Visual Studio Version 16
VisualStudioVersion = 16.0.30503.244
MinimumVisualStudioVersion = 10.0.40219.1
Project("{FAE04EC0-301F-11D3-BF4B-00C04F79EFBC}") = "5", "5\5.csproj", "{9AE5DD3D-0BF4-4D49-9667-6EA29E1AF5BD}"
EndProject
Global
	GlobalSection(SolutionConfigurationPlatforms) = preSolution
		Debug|Any CPU = Debug|Any CPU
		Release|Any CPU = Release|Any CPU
	EndGlobalSection
	GlobalSection(ProjectConfigurationPlatforms) = postSolution
		{9AE5DD3D-0BF4-4D49-9667-6EA29E1AF5BD}.Debug|Any CPU.ActiveCfg = Debug|Any CPU
		{9AE5DD3D-0BF4-4D49-9667-6EA29E1AF5BD}.Debug|Any CPU.Build.0 = Debug|Any CPU
		{9AE5DD3D-0BF4-4D49-9667-6EA29E1AF5BD}.Release|Any CPU.ActiveCfg = Release|Any CPU
		{9AE5DD3D-0BF4-4D49-9667-6EA29E1AF5BD}.Release|Any CPU.Build.0 = Release|Any CPU
	EndGlobalSection
	GlobalSection(SolutionProperties) = preSolution
		HideSolutionNode = FALSE
	EndGlobalSection
	GlobalSection(ExtensibilityGlobals) = postSolution
		SolutionGuid = {493FF5F3-08B6-42F7-A4A0-4DEC16804439}
	EndGlobalSection
EndGlobal
